
Microsoft Visual Studio Solution File, Format Version 12.00
# Visual Studio 15
VisualStudioVersion = 15.0.27130.2024
MinimumVisualStudioVersion = 10.0.40219.1
Project("{8BC9CEB8-8B4A-11D0-8D11-00A0C91BC942}") = "ChapterTwoExFour", "ChapterTwoExFour.vcxproj", "{008C5612-5035-4290-98AF-73A33A90A1D6}"
EndProject
Global
	GlobalSection(SolutionConfigurationPlatforms) = preSolution
		Debug|x64 = Debug|x64
		Debug|x86 = Debug|x86
		Release|x64 = Release|x64
		Release|x86 = Release|x86
	EndGlobalSection
	GlobalSection(ProjectConfigurationPlatforms) = postSolution
		{008C5612-5035-4290-98AF-73A33A90A1D6}.Debug|x64.ActiveCfg = Debug|x64
		{008C5612-5035-4290-98AF-73A33A90A1D6}.Debug|x64.Build.0 = Debug|x64
		{008C5612-5035-4290-98AF-73A33A90A1D6}.Debug|x86.ActiveCfg = Debug|Win32
		{008C5612-5035-4290-98AF-73A33A90A1D6}.Debug|x86.Build.0 = Debug|Win32
		{008C5612-5035-4290-98AF-73A33A90A1D6}.Release|x64.ActiveCfg = Release|x64
		{008C5612-5035-4290-98AF-73A33A90A1D6}.Release|x64.Build.0 = Release|x64
		{008C5612-5035-4290-98AF-73A33A90A1D6}.Release|x86.ActiveCfg = Release|Win32
		{008C5612-5035-4290-98AF-73A33A90A1D6}.Release|x86.Build.0 = Release|Win32
	EndGlobalSection
	GlobalSection(SolutionProperties) = preSolution
		HideSolutionNode = FALSE
	EndGlobalSection
	GlobalSection(ExtensibilityGlobals) = postSolution
		SolutionGuid = {6C46DF3B-3D00-41C3-97B3-B077E09AF964}
	EndGlobalSection
EndGlobal
